
Microsoft Visual Studio Solution File, Format Version 11.00
# Visual C++ Express 2010
Project("{8BC9CEB8-8B4A-11D0-8D11-00A0C91BC942}") = "cp1", "cp1.vcxproj", "{7DF8AC76-28EE-4196-89DB-4C29A339ACDE}"
EndProject
Global
	GlobalSection(SolutionConfigurationPlatforms) = preSolution
		Debug|Win32 = Debug|Win32
		Release|Win32 = Release|Win32
	EndGlobalSection
	GlobalSection(ProjectConfigurationPlatforms) = postSolution
		{7DF8AC76-28EE-4196-89DB-4C29A339ACDE}.Debug|Win32.ActiveCfg = Debug|Win32
		{7DF8AC76-28EE-4196-89DB-4C29A339ACDE}.Debug|Win32.Build.0 = Debug|Win32
		{7DF8AC76-28EE-4196-89DB-4C29A339ACDE}.Release|Win32.ActiveCfg = Release|Win32
		{7DF8AC76-28EE-4196-89DB-4C29A339ACDE}.Release|Win32.Build.0 = Release|Win32
	EndGlobalSection
	GlobalSection(SolutionProperties) = preSolution
		HideSolutionNode = FALSE
	EndGlobalSection
EndGlobal
